
Microsoft Visual Studio Solution File, Format Version 12.00
# Visual Studio 2012
Project("{2150E333-8FDC-42A3-9474-1A3956D46DE8}") = "Build Scripts", "Build Scripts", "{B0CD4D9F-3358-42B0-BD39-0B5585BE243D}"
	ProjectSection(SolutionItems) = preProject
		gemfile = gemfile
		README.md = README.md
	EndProjectSection
EndProject
Project("{FAE04EC0-301F-11D3-BF4B-00C04F79EFBC}") = "nuserve", "src\nuserve\nuserve.csproj", "{F5AF94E8-B767-40C0-AFB3-F87170EFBE1C}"
EndProject
Project("{FAE04EC0-301F-11D3-BF4B-00C04F79EFBC}") = "nuserve.integration.specs", "test\nuserve.integration.specs\nuserve.integration.specs.csproj", "{6AA8E365-DF52-4E8D-ADBA-3F62E2B2FDA8}"
EndProject
Project("{FAE04EC0-301F-11D3-BF4B-00C04F79EFBC}") = "nuserve.specs", "test\nuserve.specs\nuserve.specs.csproj", "{74710694-6D91-468F-BE11-B70B6394FD4F}"
EndProject
Project("{2150E333-8FDC-42A3-9474-1A3956D46DE8}") = "test", "test", "{089D8C71-8EEB-4634-A908-6F11165A9BD3}"
EndProject
Project("{2150E333-8FDC-42A3-9474-1A3956D46DE8}") = "nuget", "nuget", "{032F862A-2892-4CBA-ACCA-BBE8F773613A}"
	ProjectSection(SolutionItems) = preProject
		nuget\nuserve.nuspec = nuget\nuserve.nuspec
	EndProjectSection
EndProject
Project("{2150E333-8FDC-42A3-9474-1A3956D46DE8}") = "Content", "Content", "{1FB32024-5FD9-46CD-A6A4-34CF7BE7C910}"
	ProjectSection(SolutionItems) = preProject
		nuget\content\nuserve.ReadMe.txt = nuget\content\nuserve.ReadMe.txt
	EndProjectSection
EndProject
Project("{2150E333-8FDC-42A3-9474-1A3956D46DE8}") = "Tools", "Tools", "{A3A4E4C9-D3C4-40AE-8CBD-44A0A9DB86F7}"
	ProjectSection(SolutionItems) = preProject
		nuget\tools\chocolateyInstall.ps1 = nuget\tools\chocolateyInstall.ps1
		nuget\tools\install.ps1 = nuget\tools\install.ps1
	EndProjectSection
EndProject
Project("{2150E333-8FDC-42A3-9474-1A3956D46DE8}") = ".nuget", ".nuget", "{721AE2FF-C7FE-44FB-9317-E351F61F4097}"
	ProjectSection(SolutionItems) = preProject
		.nuget\NuGet.Config = .nuget\NuGet.Config
		.nuget\NuGet.exe = .nuget\NuGet.exe
		.nuget\NuGet.targets = .nuget\NuGet.targets
	EndProjectSection
EndProject
Project("{2150E333-8FDC-42A3-9474-1A3956D46DE8}") = "features", "features", "{FBD9BB17-34AE-4A87-81A6-70DAD0941783}"
	ProjectSection(SolutionItems) = preProject
		features\step_definitions\DotNetConfigFileInfo.rb = features\step_definitions\DotNetConfigFileInfo.rb
		features\install.feature = features\install.feature
		features\list.feature = features\list.feature
		features\push.feature = features\push.feature
		features\step_definitions\steps.rb = features\step_definitions\steps.rb
	EndProjectSection
EndProject
Project("{FAE04EC0-301F-11D3-BF4B-00C04F79EFBC}") = "nuserve.features", "test\nuserve.features\nuserve.features.csproj", "{6BE85051-8E39-43B0-B5E0-C0128503E733}"
EndProject
Project("{FAE04EC0-301F-11D3-BF4B-00C04F79EFBC}") = "NuServe.TestHelpers", "test\NuServe.TestHelpers\NuServe.TestHelpers.csproj", "{926468F7-725C-4F1C-8797-A67C0FD392F0}"
EndProject
Global
	GlobalSection(SolutionConfigurationPlatforms) = preSolution
		Coverage|Any CPU = Coverage|Any CPU
		Coverage|Mixed Platforms = Coverage|Mixed Platforms
		Coverage|x86 = Coverage|x86
		Debug|Any CPU = Debug|Any CPU
		Debug|Mixed Platforms = Debug|Mixed Platforms
		Debug|x86 = Debug|x86
		dev|Any CPU = dev|Any CPU
		dev|Mixed Platforms = dev|Mixed Platforms
		dev|x86 = dev|x86
		prod|Any CPU = prod|Any CPU
		prod|Mixed Platforms = prod|Mixed Platforms
		prod|x86 = prod|x86
		Release|Any CPU = Release|Any CPU
		Release|Mixed Platforms = Release|Mixed Platforms
		Release|x86 = Release|x86
		stage|Any CPU = stage|Any CPU
		stage|Mixed Platforms = stage|Mixed Platforms
		stage|x86 = stage|x86
	EndGlobalSection
	GlobalSection(ProjectConfigurationPlatforms) = postSolution
		{F5AF94E8-B767-40C0-AFB3-F87170EFBE1C}.Coverage|Any CPU.ActiveCfg = Release|Any CPU
		{F5AF94E8-B767-40C0-AFB3-F87170EFBE1C}.Coverage|Any CPU.Build.0 = Release|Any CPU
		{F5AF94E8-B767-40C0-AFB3-F87170EFBE1C}.Coverage|Mixed Platforms.ActiveCfg = Release|x86
		{F5AF94E8-B767-40C0-AFB3-F87170EFBE1C}.Coverage|Mixed Platforms.Build.0 = Release|x86
		{F5AF94E8-B767-40C0-AFB3-F87170EFBE1C}.Coverage|x86.ActiveCfg = Release|Any CPU
		{F5AF94E8-B767-40C0-AFB3-F87170EFBE1C}.Debug|Any CPU.ActiveCfg = Debug|Any CPU
		{F5AF94E8-B767-40C0-AFB3-F87170EFBE1C}.Debug|Any CPU.Build.0 = Debug|Any CPU
		{F5AF94E8-B767-40C0-AFB3-F87170EFBE1C}.Debug|Mixed Platforms.ActiveCfg = Debug|x86
		{F5AF94E8-B767-40C0-AFB3-F87170EFBE1C}.Debug|Mixed Platforms.Build.0 = Debug|x86
		{F5AF94E8-B767-40C0-AFB3-F87170EFBE1C}.Debug|x86.ActiveCfg = Debug|x86
		{F5AF94E8-B767-40C0-AFB3-F87170EFBE1C}.Debug|x86.Build.0 = Debug|x86
		{F5AF94E8-B767-40C0-AFB3-F87170EFBE1C}.dev|Any CPU.ActiveCfg = Debug|Any CPU
		{F5AF94E8-B767-40C0-AFB3-F87170EFBE1C}.dev|Any CPU.Build.0 = Debug|Any CPU
		{F5AF94E8-B767-40C0-AFB3-F87170EFBE1C}.dev|Mixed Platforms.ActiveCfg = Debug|x86
		{F5AF94E8-B767-40C0-AFB3-F87170EFBE1C}.dev|Mixed Platforms.Build.0 = Debug|x86
		{F5AF94E8-B767-40C0-AFB3-F87170EFBE1C}.dev|x86.ActiveCfg = Debug|Any CPU
		{F5AF94E8-B767-40C0-AFB3-F87170EFBE1C}.prod|Any CPU.ActiveCfg = Release|Any CPU
		{F5AF94E8-B767-40C0-AFB3-F87170EFBE1C}.prod|Any CPU.Build.0 = Release|Any CPU
		{F5AF94E8-B767-40C0-AFB3-F87170EFBE1C}.prod|Mixed Platforms.ActiveCfg = Release|x86
		{F5AF94E8-B767-40C0-AFB3-F87170EFBE1C}.prod|Mixed Platforms.Build.0 = Release|x86
		{F5AF94E8-B767-40C0-AFB3-F87170EFBE1C}.prod|x86.ActiveCfg = Release|Any CPU
		{F5AF94E8-B767-40C0-AFB3-F87170EFBE1C}.Release|Any CPU.ActiveCfg = Release|Any CPU
		{F5AF94E8-B767-40C0-AFB3-F87170EFBE1C}.Release|Any CPU.Build.0 = Release|Any CPU
		{F5AF94E8-B767-40C0-AFB3-F87170EFBE1C}.Release|Mixed Platforms.ActiveCfg = Release|x86
		{F5AF94E8-B767-40C0-AFB3-F87170EFBE1C}.Release|Mixed Platforms.Build.0 = Release|x86
		{F5AF94E8-B767-40C0-AFB3-F87170EFBE1C}.Release|x86.ActiveCfg = Release|x86
		{F5AF94E8-B767-40C0-AFB3-F87170EFBE1C}.Release|x86.Build.0 = Release|x86
		{F5AF94E8-B767-40C0-AFB3-F87170EFBE1C}.stage|Any CPU.ActiveCfg = Release|Any CPU
		{F5AF94E8-B767-40C0-AFB3-F87170EFBE1C}.stage|Any CPU.Build.0 = Release|Any CPU
		{F5AF94E8-B767-40C0-AFB3-F87170EFBE1C}.stage|Mixed Platforms.ActiveCfg = Release|x86
		{F5AF94E8-B767-40C0-AFB3-F87170EFBE1C}.stage|Mixed Platforms.Build.0 = Release|x86
		{F5AF94E8-B767-40C0-AFB3-F87170EFBE1C}.stage|x86.ActiveCfg = Release|Any CPU
		{6AA8E365-DF52-4E8D-ADBA-3F62E2B2FDA8}.Coverage|Any CPU.ActiveCfg = Release|Any CPU
		{6AA8E365-DF52-4E8D-ADBA-3F62E2B2FDA8}.Coverage|Any CPU.Build.0 = Release|Any CPU
		{6AA8E365-DF52-4E8D-ADBA-3F62E2B2FDA8}.Coverage|Mixed Platforms.ActiveCfg = Release|x86
		{6AA8E365-DF52-4E8D-ADBA-3F62E2B2FDA8}.Coverage|Mixed Platforms.Build.0 = Release|x86
		{6AA8E365-DF52-4E8D-ADBA-3F62E2B2FDA8}.Coverage|x86.ActiveCfg = Release|Any CPU
		{6AA8E365-DF52-4E8D-ADBA-3F62E2B2FDA8}.Debug|Any CPU.ActiveCfg = Debug|Any CPU
		{6AA8E365-DF52-4E8D-ADBA-3F62E2B2FDA8}.Debug|Any CPU.Build.0 = Debug|Any CPU
		{6AA8E365-DF52-4E8D-ADBA-3F62E2B2FDA8}.Debug|Mixed Platforms.ActiveCfg = Debug|x86
		{6AA8E365-DF52-4E8D-ADBA-3F62E2B2FDA8}.Debug|Mixed Platforms.Build.0 = Debug|x86
		{6AA8E365-DF52-4E8D-ADBA-3F62E2B2FDA8}.Debug|x86.ActiveCfg = Debug|x86
		{6AA8E365-DF52-4E8D-ADBA-3F62E2B2FDA8}.Debug|x86.Build.0 = Debug|x86
		{6AA8E365-DF52-4E8D-ADBA-3F62E2B2FDA8}.dev|Any CPU.ActiveCfg = Debug|Any CPU
		{6AA8E365-DF52-4E8D-ADBA-3F62E2B2FDA8}.dev|Any CPU.Build.0 = Debug|Any CPU
		{6AA8E365-DF52-4E8D-ADBA-3F62E2B2FDA8}.dev|Mixed Platforms.ActiveCfg = Debug|x86
		{6AA8E365-DF52-4E8D-ADBA-3F62E2B2FDA8}.dev|Mixed Platforms.Build.0 = Debug|x86
		{6AA8E365-DF52-4E8D-ADBA-3F62E2B2FDA8}.dev|x86.ActiveCfg = Debug|Any CPU
		{6AA8E365-DF52-4E8D-ADBA-3F62E2B2FDA8}.prod|Any CPU.ActiveCfg = Release|Any CPU
		{6AA8E365-DF52-4E8D-ADBA-3F62E2B2FDA8}.prod|Any CPU.Build.0 = Release|Any CPU
		{6AA8E365-DF52-4E8D-ADBA-3F62E2B2FDA8}.prod|Mixed Platforms.ActiveCfg = Release|x86
		{6AA8E365-DF52-4E8D-ADBA-3F62E2B2FDA8}.prod|Mixed Platforms.Build.0 = Release|x86
		{6AA8E365-DF52-4E8D-ADBA-3F62E2B2FDA8}.prod|x86.ActiveCfg = Release|Any CPU
		{6AA8E365-DF52-4E8D-ADBA-3F62E2B2FDA8}.Release|Any CPU.ActiveCfg = Release|Any CPU
		{6AA8E365-DF52-4E8D-ADBA-3F62E2B2FDA8}.Release|Any CPU.Build.0 = Release|Any CPU
		{6AA8E365-DF52-4E8D-ADBA-3F62E2B2FDA8}.Release|Mixed Platforms.ActiveCfg = Release|x86
		{6AA8E365-DF52-4E8D-ADBA-3F62E2B2FDA8}.Release|Mixed Platforms.Build.0 = Release|x86
		{6AA8E365-DF52-4E8D-ADBA-3F62E2B2FDA8}.Release|x86.ActiveCfg = Release|x86
		{6AA8E365-DF52-4E8D-ADBA-3F62E2B2FDA8}.Release|x86.Build.0 = Release|x86
		{6AA8E365-DF52-4E8D-ADBA-3F62E2B2FDA8}.stage|Any CPU.ActiveCfg = Release|Any CPU
		{6AA8E365-DF52-4E8D-ADBA-3F62E2B2FDA8}.stage|Any CPU.Build.0 = Release|Any CPU
		{6AA8E365-DF52-4E8D-ADBA-3F62E2B2FDA8}.stage|Mixed Platforms.ActiveCfg = Release|x86
		{6AA8E365-DF52-4E8D-ADBA-3F62E2B2FDA8}.stage|Mixed Platforms.Build.0 = Release|x86
		{6AA8E365-DF52-4E8D-ADBA-3F62E2B2FDA8}.stage|x86.ActiveCfg = Release|Any CPU
		{74710694-6D91-468F-BE11-B70B6394FD4F}.Coverage|Any CPU.ActiveCfg = Release|x86
		{74710694-6D91-468F-BE11-B70B6394FD4F}.Coverage|Mixed Platforms.ActiveCfg = Debug|x86
		{74710694-6D91-468F-BE11-B70B6394FD4F}.Coverage|Mixed Platforms.Build.0 = Debug|x86
		{74710694-6D91-468F-BE11-B70B6394FD4F}.Coverage|x86.ActiveCfg = Release|x86
		{74710694-6D91-468F-BE11-B70B6394FD4F}.Coverage|x86.Build.0 = Release|x86
		{74710694-6D91-468F-BE11-B70B6394FD4F}.Debug|Any CPU.ActiveCfg = Debug|Any CPU
		{74710694-6D91-468F-BE11-B70B6394FD4F}.Debug|Any CPU.Build.0 = Debug|Any CPU
		{74710694-6D91-468F-BE11-B70B6394FD4F}.Debug|Mixed Platforms.ActiveCfg = Debug|x86
		{74710694-6D91-468F-BE11-B70B6394FD4F}.Debug|Mixed Platforms.Build.0 = Debug|x86
		{74710694-6D91-468F-BE11-B70B6394FD4F}.Debug|x86.ActiveCfg = Debug|x86
		{74710694-6D91-468F-BE11-B70B6394FD4F}.Debug|x86.Build.0 = Debug|x86
		{74710694-6D91-468F-BE11-B70B6394FD4F}.dev|Any CPU.ActiveCfg = Debug|x86
		{74710694-6D91-468F-BE11-B70B6394FD4F}.dev|Mixed Platforms.ActiveCfg = Debug|x86
		{74710694-6D91-468F-BE11-B70B6394FD4F}.dev|Mixed Platforms.Build.0 = Debug|x86
		{74710694-6D91-468F-BE11-B70B6394FD4F}.dev|x86.ActiveCfg = Debug|x86
		{74710694-6D91-468F-BE11-B70B6394FD4F}.dev|x86.Build.0 = Debug|x86
		{74710694-6D91-468F-BE11-B70B6394FD4F}.prod|Any CPU.ActiveCfg = Release|x86
		{74710694-6D91-468F-BE11-B70B6394FD4F}.prod|Mixed Platforms.ActiveCfg = Debug|x86
		{74710694-6D91-468F-BE11-B70B6394FD4F}.prod|Mixed Platforms.Build.0 = Debug|x86
		{74710694-6D91-468F-BE11-B70B6394FD4F}.prod|x86.ActiveCfg = Release|x86
		{74710694-6D91-468F-BE11-B70B6394FD4F}.prod|x86.Build.0 = Release|x86
		{74710694-6D91-468F-BE11-B70B6394FD4F}.Release|Any CPU.ActiveCfg = Release|x86
		{74710694-6D91-468F-BE11-B70B6394FD4F}.Release|Mixed Platforms.ActiveCfg = Release|x86
		{74710694-6D91-468F-BE11-B70B6394FD4F}.Release|Mixed Platforms.Build.0 = Release|x86
		{74710694-6D91-468F-BE11-B70B6394FD4F}.Release|x86.ActiveCfg = Release|x86
		{74710694-6D91-468F-BE11-B70B6394FD4F}.Release|x86.Build.0 = Release|x86
		{74710694-6D91-468F-BE11-B70B6394FD4F}.stage|Any CPU.ActiveCfg = Release|x86
		{74710694-6D91-468F-BE11-B70B6394FD4F}.stage|Mixed Platforms.ActiveCfg = Debug|x86
		{74710694-6D91-468F-BE11-B70B6394FD4F}.stage|Mixed Platforms.Build.0 = Debug|x86
		{74710694-6D91-468F-BE11-B70B6394FD4F}.stage|x86.ActiveCfg = Release|x86
		{74710694-6D91-468F-BE11-B70B6394FD4F}.stage|x86.Build.0 = Release|x86
		{6BE85051-8E39-43B0-B5E0-C0128503E733}.Coverage|Any CPU.ActiveCfg = Release|Any CPU
		{6BE85051-8E39-43B0-B5E0-C0128503E733}.Coverage|Any CPU.Build.0 = Release|Any CPU
		{6BE85051-8E39-43B0-B5E0-C0128503E733}.Coverage|Mixed Platforms.ActiveCfg = Release|Any CPU
		{6BE85051-8E39-43B0-B5E0-C0128503E733}.Coverage|Mixed Platforms.Build.0 = Release|Any CPU
		{6BE85051-8E39-43B0-B5E0-C0128503E733}.Coverage|x86.ActiveCfg = Release|Any CPU
		{6BE85051-8E39-43B0-B5E0-C0128503E733}.Debug|Any CPU.ActiveCfg = Debug|Any CPU
		{6BE85051-8E39-43B0-B5E0-C0128503E733}.Debug|Any CPU.Build.0 = Debug|Any CPU
		{6BE85051-8E39-43B0-B5E0-C0128503E733}.Debug|Mixed Platforms.ActiveCfg = Debug|Any CPU
		{6BE85051-8E39-43B0-B5E0-C0128503E733}.Debug|Mixed Platforms.Build.0 = Debug|Any CPU
		{6BE85051-8E39-43B0-B5E0-C0128503E733}.Debug|x86.ActiveCfg = Debug|x86
		{6BE85051-8E39-43B0-B5E0-C0128503E733}.Debug|x86.Build.0 = Debug|x86
		{6BE85051-8E39-43B0-B5E0-C0128503E733}.dev|Any CPU.ActiveCfg = Debug|Any CPU
		{6BE85051-8E39-43B0-B5E0-C0128503E733}.dev|Any CPU.Build.0 = Debug|Any CPU
		{6BE85051-8E39-43B0-B5E0-C0128503E733}.dev|Mixed Platforms.ActiveCfg = Debug|Any CPU
		{6BE85051-8E39-43B0-B5E0-C0128503E733}.dev|Mixed Platforms.Build.0 = Debug|Any CPU
		{6BE85051-8E39-43B0-B5E0-C0128503E733}.dev|x86.ActiveCfg = Debug|Any CPU
		{6BE85051-8E39-43B0-B5E0-C0128503E733}.prod|Any CPU.ActiveCfg = Release|Any CPU
		{6BE85051-8E39-43B0-B5E0-C0128503E733}.prod|Any CPU.Build.0 = Release|Any CPU
		{6BE85051-8E39-43B0-B5E0-C0128503E733}.prod|Mixed Platforms.ActiveCfg = Release|Any CPU
		{6BE85051-8E39-43B0-B5E0-C0128503E733}.prod|Mixed Platforms.Build.0 = Release|Any CPU
		{6BE85051-8E39-43B0-B5E0-C0128503E733}.prod|x86.ActiveCfg = Release|Any CPU
		{6BE85051-8E39-43B0-B5E0-C0128503E733}.Release|Any CPU.ActiveCfg = Release|Any CPU
		{6BE85051-8E39-43B0-B5E0-C0128503E733}.Release|Any CPU.Build.0 = Release|Any CPU
		{6BE85051-8E39-43B0-B5E0-C0128503E733}.Release|Mixed Platforms.ActiveCfg = Release|Any CPU
		{6BE85051-8E39-43B0-B5E0-C0128503E733}.Release|Mixed Platforms.Build.0 = Release|Any CPU
		{6BE85051-8E39-43B0-B5E0-C0128503E733}.Release|x86.ActiveCfg = Release|Any CPU
		{6BE85051-8E39-43B0-B5E0-C0128503E733}.stage|Any CPU.ActiveCfg = Release|Any CPU
		{6BE85051-8E39-43B0-B5E0-C0128503E733}.stage|Any CPU.Build.0 = Release|Any CPU
		{6BE85051-8E39-43B0-B5E0-C0128503E733}.stage|Mixed Platforms.ActiveCfg = Release|Any CPU
		{6BE85051-8E39-43B0-B5E0-C0128503E733}.stage|Mixed Platforms.Build.0 = Release|Any CPU
		{6BE85051-8E39-43B0-B5E0-C0128503E733}.stage|x86.ActiveCfg = Release|Any CPU
		{926468F7-725C-4F1C-8797-A67C0FD392F0}.Coverage|Any CPU.ActiveCfg = Release|Any CPU
		{926468F7-725C-4F1C-8797-A67C0FD392F0}.Coverage|Any CPU.Build.0 = Release|Any CPU
		{926468F7-725C-4F1C-8797-A67C0FD392F0}.Coverage|Mixed Platforms.ActiveCfg = Release|Any CPU
		{926468F7-725C-4F1C-8797-A67C0FD392F0}.Coverage|Mixed Platforms.Build.0 = Release|Any CPU
		{926468F7-725C-4F1C-8797-A67C0FD392F0}.Coverage|x86.ActiveCfg = Release|Any CPU
		{926468F7-725C-4F1C-8797-A67C0FD392F0}.Debug|Any CPU.ActiveCfg = Debug|Any CPU
		{926468F7-725C-4F1C-8797-A67C0FD392F0}.Debug|Any CPU.Build.0 = Debug|Any CPU
		{926468F7-725C-4F1C-8797-A67C0FD392F0}.Debug|Mixed Platforms.ActiveCfg = Debug|Any CPU
		{926468F7-725C-4F1C-8797-A67C0FD392F0}.Debug|Mixed Platforms.Build.0 = Debug|Any CPU
		{926468F7-725C-4F1C-8797-A67C0FD392F0}.Debug|x86.ActiveCfg = Debug|Any CPU
		{926468F7-725C-4F1C-8797-A67C0FD392F0}.dev|Any CPU.ActiveCfg = Debug|Any CPU
		{926468F7-725C-4F1C-8797-A67C0FD392F0}.dev|Any CPU.Build.0 = Debug|Any CPU
		{926468F7-725C-4F1C-8797-A67C0FD392F0}.dev|Mixed Platforms.ActiveCfg = Debug|Any CPU
		{926468F7-725C-4F1C-8797-A67C0FD392F0}.dev|Mixed Platforms.Build.0 = Debug|Any CPU
		{926468F7-725C-4F1C-8797-A67C0FD392F0}.dev|x86.ActiveCfg = Debug|Any CPU
		{926468F7-725C-4F1C-8797-A67C0FD392F0}.prod|Any CPU.ActiveCfg = Release|Any CPU
		{926468F7-725C-4F1C-8797-A67C0FD392F0}.prod|Any CPU.Build.0 = Release|Any CPU
		{926468F7-725C-4F1C-8797-A67C0FD392F0}.prod|Mixed Platforms.ActiveCfg = Release|Any CPU
		{926468F7-725C-4F1C-8797-A67C0FD392F0}.prod|Mixed Platforms.Build.0 = Release|Any CPU
		{926468F7-725C-4F1C-8797-A67C0FD392F0}.prod|x86.ActiveCfg = Release|Any CPU
		{926468F7-725C-4F1C-8797-A67C0FD392F0}.Release|Any CPU.ActiveCfg = Release|Any CPU
		{926468F7-725C-4F1C-8797-A67C0FD392F0}.Release|Any CPU.Build.0 = Release|Any CPU
		{926468F7-725C-4F1C-8797-A67C0FD392F0}.Release|Mixed Platforms.ActiveCfg = Release|Any CPU
		{926468F7-725C-4F1C-8797-A67C0FD392F0}.Release|Mixed Platforms.Build.0 = Release|Any CPU
		{926468F7-725C-4F1C-8797-A67C0FD392F0}.Release|x86.ActiveCfg = Release|Any CPU
		{926468F7-725C-4F1C-8797-A67C0FD392F0}.stage|Any CPU.ActiveCfg = Release|Any CPU
		{926468F7-725C-4F1C-8797-A67C0FD392F0}.stage|Any CPU.Build.0 = Release|Any CPU
		{926468F7-725C-4F1C-8797-A67C0FD392F0}.stage|Mixed Platforms.ActiveCfg = Release|Any CPU
		{926468F7-725C-4F1C-8797-A67C0FD392F0}.stage|Mixed Platforms.Build.0 = Release|Any CPU
		{926468F7-725C-4F1C-8797-A67C0FD392F0}.stage|x86.ActiveCfg = Release|Any CPU
	EndGlobalSection
	GlobalSection(SolutionProperties) = preSolution
		HideSolutionNode = FALSE
	EndGlobalSection
	GlobalSection(NestedProjects) = preSolution
		{032F862A-2892-4CBA-ACCA-BBE8F773613A} = {B0CD4D9F-3358-42B0-BD39-0B5585BE243D}
		{74710694-6D91-468F-BE11-B70B6394FD4F} = {089D8C71-8EEB-4634-A908-6F11165A9BD3}
		{6AA8E365-DF52-4E8D-ADBA-3F62E2B2FDA8} = {089D8C71-8EEB-4634-A908-6F11165A9BD3}
		{6BE85051-8E39-43B0-B5E0-C0128503E733} = {089D8C71-8EEB-4634-A908-6F11165A9BD3}
		{926468F7-725C-4F1C-8797-A67C0FD392F0} = {089D8C71-8EEB-4634-A908-6F11165A9BD3}
		{1FB32024-5FD9-46CD-A6A4-34CF7BE7C910} = {032F862A-2892-4CBA-ACCA-BBE8F773613A}
		{A3A4E4C9-D3C4-40AE-8CBD-44A0A9DB86F7} = {032F862A-2892-4CBA-ACCA-BBE8F773613A}
	EndGlobalSection
EndGlobal
